{
  "name": "learning-development",
  "version": "1.0.0",
  "lockfileVersion": 3,
  "requires": true,
  "packages": {
    "": {
      "name": "learning-development",
      "version": "1.0.0",
      "license": "ISC",
      "dependencies": {
        "one-liner-joke": "^1.2.2"
      }
    },
    "node_modules/one-liner-joke": {
      "version": "1.2.2",
      "resolved": "https://registry.npmjs.org/one-liner-joke/-/one-liner-joke-1.2.2.tgz",
      "integrity": "sha512-ELNnmMtLPmp3b85J0FGm7i4Q5vfqPNefj6r5oMsk9OgrC3iaccIyn8FInVSsG3nGud4XIDqUKesLcGRCxoU2Zw==",
      "engines": {
        "node": ">=6.0.0"
      }
    }
  }
}
